
Microsoft Visual Studio Solution File, Format Version 12.00
# Visual Studio Version 16
VisualStudioVersion = 16.0.29806.167
MinimumVisualStudioVersion = 10.0.40219.1
Project("{8BC9CEB8-8B4A-11D0-8D11-00A0C91BC942}") = "SpectrumKeys", "SpectrumKeys\SpectrumKeys.vcxproj", "{76F46551-E1FB-4F21-BC54-35D35F553240}"
EndProject
Global
	GlobalSection(SolutionConfigurationPlatforms) = preSolution
		Debug|x64 = Debug|x64
		Release|x64 = Release|x64
	EndGlobalSection
	GlobalSection(ProjectConfigurationPlatforms) = postSolution
		{76F46551-E1FB-4F21-BC54-35D35F553240}.Debug|x64.ActiveCfg = Debug|x64
		{76F46551-E1FB-4F21-BC54-35D35F553240}.Debug|x64.Build.0 = Debug|x64
		{76F46551-E1FB-4F21-BC54-35D35F553240}.Release|x64.ActiveCfg = Release|x64
		{76F46551-E1FB-4F21-BC54-35D35F553240}.Release|x64.Build.0 = Release|x64
	EndGlobalSection
	GlobalSection(SolutionProperties) = preSolution
		HideSolutionNode = FALSE
	EndGlobalSection
	GlobalSection(ExtensibilityGlobals) = postSolution
		SolutionGuid = {1D29C0F8-7958-4B19-96A8-F9A06EEA5A6D}
	EndGlobalSection
EndGlobal
